
Microsoft Visual Studio Solution File, Format Version 12.00
# Visual Studio Version 16
VisualStudioVersion = 16.0.29519.87
MinimumVisualStudioVersion = 10.0.40219.1
Project("{FAE04EC0-301F-11D3-BF4B-00C04F79EFBC}") = "Kafka.Lens.Backend", "src\Kafka.Lens.Backend\Kafka.Lens.Backend.csproj", "{53C0CC4A-176A-403B-950E-E2D3F55DE3A8}"
EndProject
Global
	GlobalSection(SolutionConfigurationPlatforms) = preSolution
		Debug|Any CPU = Debug|Any CPU
		Release|Any CPU = Release|Any CPU
	EndGlobalSection
	GlobalSection(ProjectConfigurationPlatforms) = postSolution
		{53C0CC4A-176A-403B-950E-E2D3F55DE3A8}.Debug|Any CPU.ActiveCfg = Debug|Any CPU
		{53C0CC4A-176A-403B-950E-E2D3F55DE3A8}.Debug|Any CPU.Build.0 = Debug|Any CPU
		{53C0CC4A-176A-403B-950E-E2D3F55DE3A8}.Release|Any CPU.ActiveCfg = Release|Any CPU
		{53C0CC4A-176A-403B-950E-E2D3F55DE3A8}.Release|Any CPU.Build.0 = Release|Any CPU
	EndGlobalSection
	GlobalSection(SolutionProperties) = preSolution
		HideSolutionNode = FALSE
	EndGlobalSection
	GlobalSection(ExtensibilityGlobals) = postSolution
		SolutionGuid = {5D9AEEFA-6E8F-473E-A057-DBF157297B02}
	EndGlobalSection
EndGlobal
