
Microsoft Visual Studio Solution File, Format Version 12.00
# Visual Studio Version 16
VisualStudioVersion = 16.0.29519.87
MinimumVisualStudioVersion = 10.0.40219.1
Project("{9A19103F-16F7-4668-BE54-9A1E7A4F7556}") = "Kafka.Lens.Backend", "src\Kafka.Lens.Backend\Kafka.Lens.Backend.csproj", "{53C0CC4A-176A-403B-950E-E2D3F55DE3A8}"
EndProject
Project("{2150E333-8FDC-42A3-9474-1A3956D46DE8}") = "Solution Items", "Solution Items", "{1371B577-8C86-4AE0-BB4A-DB2C17DD653B}"
EndProject
Project("{2150E333-8FDC-42A3-9474-1A3956D46DE8}") = "configs", "configs", "{990EBA6D-E754-47E7-8492-2EA295A986A4}"
	ProjectSection(SolutionItems) = preProject
		configs\appSettings.json = configs\appSettings.json
		configs\NLog.config = configs\NLog.config
	EndProjectSection
EndProject
Project("{9A19103F-16F7-4668-BE54-9A1E7A4F7556}") = "Kafka.Lens.Runner", "src\Kafka.Lens.Runner\Kafka.Lens.Runner.csproj", "{45B8FAB0-0E25-45E8-9E82-D4286D0C7729}"
EndProject
Project("{FAE04EC0-301F-11D3-BF4B-00C04F79EFBC}") = "Kafka.Lens.Ui", "src\Kafka.Lens.Ui\Kafka.Lens.Ui.csproj", "{9B0D010E-04B0-4F64-B146-271AAE9AA743}"
EndProject
Global
	GlobalSection(SolutionConfigurationPlatforms) = preSolution
		Debug|Any CPU = Debug|Any CPU
		Release|Any CPU = Release|Any CPU
	EndGlobalSection
	GlobalSection(ProjectConfigurationPlatforms) = postSolution
		{53C0CC4A-176A-403B-950E-E2D3F55DE3A8}.Debug|Any CPU.ActiveCfg = Debug|Any CPU
		{53C0CC4A-176A-403B-950E-E2D3F55DE3A8}.Debug|Any CPU.Build.0 = Debug|Any CPU
		{53C0CC4A-176A-403B-950E-E2D3F55DE3A8}.Release|Any CPU.ActiveCfg = Release|Any CPU
		{53C0CC4A-176A-403B-950E-E2D3F55DE3A8}.Release|Any CPU.Build.0 = Release|Any CPU
		{45B8FAB0-0E25-45E8-9E82-D4286D0C7729}.Debug|Any CPU.ActiveCfg = Debug|Any CPU
		{45B8FAB0-0E25-45E8-9E82-D4286D0C7729}.Debug|Any CPU.Build.0 = Debug|Any CPU
		{45B8FAB0-0E25-45E8-9E82-D4286D0C7729}.Release|Any CPU.ActiveCfg = Release|Any CPU
		{45B8FAB0-0E25-45E8-9E82-D4286D0C7729}.Release|Any CPU.Build.0 = Release|Any CPU
		{9B0D010E-04B0-4F64-B146-271AAE9AA743}.Debug|Any CPU.ActiveCfg = Debug|Any CPU
		{9B0D010E-04B0-4F64-B146-271AAE9AA743}.Debug|Any CPU.Build.0 = Debug|Any CPU
		{9B0D010E-04B0-4F64-B146-271AAE9AA743}.Release|Any CPU.ActiveCfg = Release|Any CPU
		{9B0D010E-04B0-4F64-B146-271AAE9AA743}.Release|Any CPU.Build.0 = Release|Any CPU
	EndGlobalSection
	GlobalSection(SolutionProperties) = preSolution
		HideSolutionNode = FALSE
	EndGlobalSection
	GlobalSection(ExtensibilityGlobals) = postSolution
		SolutionGuid = {5D9AEEFA-6E8F-473E-A057-DBF157297B02}
	EndGlobalSection
EndGlobal
