
Microsoft Visual Studio Solution File, Format Version 12.00
# Visual Studio Version 17
VisualStudioVersion = 17.4.33205.214
MinimumVisualStudioVersion = 10.0.40219.1
Project("{9A19103F-16F7-4668-BE54-9A1E7A4F7556}") = "QMaticWebBookingParser", "src\QMaticWebBookingParser.csproj", "{E332C5FD-BEFB-4608-8D54-1CECB823A481}"
EndProject
Project("{FAE04EC0-301F-11D3-BF4B-00C04F79EFBC}") = "QMaticWebBookingParserTests", "tests\QMaticWebBookingParserTests\QMaticWebBookingParserTests.csproj", "{71AF942B-AC4D-414D-B183-25630629C918}"
EndProject
Global
	GlobalSection(SolutionConfigurationPlatforms) = preSolution
		Debug|Any CPU = Debug|Any CPU
		Release|Any CPU = Release|Any CPU
	EndGlobalSection
	GlobalSection(ProjectConfigurationPlatforms) = postSolution
		{E332C5FD-BEFB-4608-8D54-1CECB823A481}.Debug|Any CPU.ActiveCfg = Debug|Any CPU
		{E332C5FD-BEFB-4608-8D54-1CECB823A481}.Debug|Any CPU.Build.0 = Debug|Any CPU
		{E332C5FD-BEFB-4608-8D54-1CECB823A481}.Release|Any CPU.ActiveCfg = Release|Any CPU
		{E332C5FD-BEFB-4608-8D54-1CECB823A481}.Release|Any CPU.Build.0 = Release|Any CPU
		{71AF942B-AC4D-414D-B183-25630629C918}.Debug|Any CPU.ActiveCfg = Debug|Any CPU
		{71AF942B-AC4D-414D-B183-25630629C918}.Debug|Any CPU.Build.0 = Debug|Any CPU
		{71AF942B-AC4D-414D-B183-25630629C918}.Release|Any CPU.ActiveCfg = Release|Any CPU
		{71AF942B-AC4D-414D-B183-25630629C918}.Release|Any CPU.Build.0 = Release|Any CPU
	EndGlobalSection
	GlobalSection(SolutionProperties) = preSolution
		HideSolutionNode = FALSE
	EndGlobalSection
	GlobalSection(ExtensibilityGlobals) = postSolution
		SolutionGuid = {37619BDB-E3EC-4618-B01B-587A4FE86353}
	EndGlobalSection
EndGlobal
