
Microsoft Visual Studio Solution File, Format Version 12.00
# Visual Studio 15
VisualStudioVersion = 15.0.27130.2027
MinimumVisualStudioVersion = 10.0.40219.1
Project("{FAE04EC0-301F-11D3-BF4B-00C04F79EFBC}") = "ConferenceApp", "ConferenceApp\ConferenceApp.csproj", "{8C5D01AC-E9F5-4A25-A536-CEAB339ACF42}"
EndProject
Global
	GlobalSection(SolutionConfigurationPlatforms) = preSolution
		Debug|Any CPU = Debug|Any CPU
		Release|Any CPU = Release|Any CPU
	EndGlobalSection
	GlobalSection(ProjectConfigurationPlatforms) = postSolution
		{8C5D01AC-E9F5-4A25-A536-CEAB339ACF42}.Debug|Any CPU.ActiveCfg = Debug|Any CPU
		{8C5D01AC-E9F5-4A25-A536-CEAB339ACF42}.Debug|Any CPU.Build.0 = Debug|Any CPU
		{8C5D01AC-E9F5-4A25-A536-CEAB339ACF42}.Release|Any CPU.ActiveCfg = Release|Any CPU
		{8C5D01AC-E9F5-4A25-A536-CEAB339ACF42}.Release|Any CPU.Build.0 = Release|Any CPU
	EndGlobalSection
	GlobalSection(SolutionProperties) = preSolution
		HideSolutionNode = FALSE
	EndGlobalSection
	GlobalSection(ExtensibilityGlobals) = postSolution
		SolutionGuid = {34AFF40C-9392-455C-9299-D31C864A6E69}
	EndGlobalSection
EndGlobal
